
Microsoft Visual Studio Solution File, Format Version 12.00
# Visual Studio Version 17
VisualStudioVersion = 17.4.33110.190
MinimumVisualStudioVersion = 10.0.40219.1
Project("{FAE04EC0-301F-11D3-BF4B-00C04F79EFBC}") = "test_modules_function_clearscript", "test_modules_function_clearscript\test_modules_function_clearscript.csproj", "{18349572-D9A2-4701-A3FC-B4DA6F2DF88B}"
EndProject
Global
	GlobalSection(SolutionConfigurationPlatforms) = preSolution
		Debug|Any CPU = Debug|Any CPU
		Release|Any CPU = Release|Any CPU
	EndGlobalSection
	GlobalSection(ProjectConfigurationPlatforms) = postSolution
		{18349572-D9A2-4701-A3FC-B4DA6F2DF88B}.Debug|Any CPU.ActiveCfg = Debug|Any CPU
		{18349572-D9A2-4701-A3FC-B4DA6F2DF88B}.Debug|Any CPU.Build.0 = Debug|Any CPU
		{18349572-D9A2-4701-A3FC-B4DA6F2DF88B}.Release|Any CPU.ActiveCfg = Release|Any CPU
		{18349572-D9A2-4701-A3FC-B4DA6F2DF88B}.Release|Any CPU.Build.0 = Release|Any CPU
	EndGlobalSection
	GlobalSection(SolutionProperties) = preSolution
		HideSolutionNode = FALSE
	EndGlobalSection
	GlobalSection(ExtensibilityGlobals) = postSolution
		SolutionGuid = {9AE78D30-A43B-4635-BBE3-D2EB78093A91}
	EndGlobalSection
EndGlobal
